{
  "nodes": {
    "nixpkgs": {
      "locked": {
        "lastModified": 1760611744,
        "narHash": "sha256-lX0d4VA8B1tIj59CowRFD0Uba/AUaZPq1Qhj/kA+x4w=",
        "owner": "NixOS",
        "repo": "nixpkgs",
        "rev": "cd0e4e4c77e1e7188832dae1e64bbd945b11bd56",
        "type": "github"
      },
      "original": {
        "owner": "NixOS",
        "repo": "nixpkgs",
        "type": "github"
      }
    },
    "npmlock2nix": {
      "flake": false,
      "locked": {
        "lastModified": 1758100811,
        "narHash": "sha256-qJc3ffjHVXUdZqytKcDK9XZ2b3BQ1RdYfZFuYgxbrn4=",
        "owner": "nix-community",
        "repo": "npmlock2nix",
        "rev": "4d9060afbaa5f57ee0b8ef11c7044ed287a7d302",
        "type": "github"
      },
      "original": {
        "owner": "nix-community",
        "repo": "npmlock2nix",
        "type": "github"
      }
    },
    "root": {
      "inputs": {
        "nixpkgs": "nixpkgs",
        "npmlock2nix": "npmlock2nix",
        "treefmt-nix": "treefmt-nix"
      }
    },
    "treefmt-nix": {
      "inputs": {
        "nixpkgs": [
          "nixpkgs"
        ]
      },
      "locked": {
        "lastModified": 1760120816,
        "narHash": "sha256-gq9rdocpmRZCwLS5vsHozwB6b5nrOBDNc2kkEaTXHfg=",
        "owner": "numtide",
        "repo": "treefmt-nix",
        "rev": "761ae7aff00907b607125b2f57338b74177697ed",
        "type": "github"
      },
      "original": {
        "owner": "numtide",
        "repo": "treefmt-nix",
        "type": "github"
      }
    }
  },
  "root": "root",
  "version": 7
}
