{
  "nodes": {
    "nixpkgs": {
      "locked": {
        "lastModified": 1753965404,
        "narHash": "sha256-BausCGGM41XoVjUdZoZDYapcSsRTKi2n752i85/S668=",
        "owner": "NixOS",
        "repo": "nixpkgs",
        "rev": "632cbb966916db03a4a8877db12d56d313c8f011",
        "type": "github"
      },
      "original": {
        "owner": "NixOS",
        "repo": "nixpkgs",
        "type": "github"
      }
    },
    "npmlock2nix": {
      "flake": false,
      "locked": {
        "lastModified": 1673447413,
        "narHash": "sha256-sJM82Sj8yfQYs9axEmGZ9Evzdv/kDcI9sddqJ45frrU=",
        "owner": "nix-community",
        "repo": "npmlock2nix",
        "rev": "9197bbf397d76059a76310523d45df10d2e4ca81",
        "type": "github"
      },
      "original": {
        "owner": "nix-community",
        "repo": "npmlock2nix",
        "type": "github"
      }
    },
    "root": {
      "inputs": {
        "nixpkgs": "nixpkgs",
        "npmlock2nix": "npmlock2nix",
        "treefmt-nix": "treefmt-nix"
      }
    },
    "treefmt-nix": {
      "inputs": {
        "nixpkgs": [
          "nixpkgs"
        ]
      },
      "locked": {
        "lastModified": 1753772294,
        "narHash": "sha256-8rkd13WfClfZUBIYpX5dvG3O9V9w3K9FPQ9rY14VtBE=",
        "owner": "numtide",
        "repo": "treefmt-nix",
        "rev": "6b9214fffbcf3f1e608efa15044431651635ca83",
        "type": "github"
      },
      "original": {
        "owner": "numtide",
        "repo": "treefmt-nix",
        "type": "github"
      }
    }
  },
  "root": "root",
  "version": 7
}
