{
  "nodes": {
    "nixpkgs": {
      "locked": {
        "lastModified": 1785171194,
        "narHash": "sha256-+e7/rKMfTbD629CnMhWNraYvU81gC7mZhkGm0J1KvbU=",
        "owner": "NixOS",
        "repo": "nixpkgs",
        "rev": "8507ef13c07fc501e802cd01409a63c7372b095c",
        "type": "github"
      },
      "original": {
        "owner": "NixOS",
        "repo": "nixpkgs",
        "type": "github"
      }
    },
    "npmlock2nix": {
      "flake": false,
      "locked": {
        "lastModified": 1758100811,
        "narHash": "sha256-qJc3ffjHVXUdZqytKcDK9XZ2b3BQ1RdYfZFuYgxbrn4=",
        "owner": "nix-community",
        "repo": "npmlock2nix",
        "rev": "4d9060afbaa5f57ee0b8ef11c7044ed287a7d302",
        "type": "github"
      },
      "original": {
        "owner": "nix-community",
        "repo": "npmlock2nix",
        "type": "github"
      }
    },
    "root": {
      "inputs": {
        "nixpkgs": "nixpkgs",
        "npmlock2nix": "npmlock2nix",
        "treefmt-nix": "treefmt-nix"
      }
    },
    "treefmt-nix": {
      "inputs": {
        "nixpkgs": [
          "nixpkgs"
        ]
      },
      "locked": {
        "lastModified": 1784369104,
        "narHash": "sha256-47cxbcZODibHv3rELFQ9vZly0vUNkND/atn/U7HLeb0=",
        "owner": "numtide",
        "repo": "treefmt-nix",
        "rev": "df3c0640565d04a0261253cdd89fce78ec50168a",
        "type": "github"
      },
      "original": {
        "owner": "numtide",
        "repo": "treefmt-nix",
        "type": "github"
      }
    }
  },
  "root": "root",
  "version": 7
}
